<?xml version="1.0" encoding="utf-8"?>
<Project ToolsVersion="4.0" xmlns="http://schemas.microsoft.com/developer/msbuild/2003">
  <ItemGroup>
    <ClCompile Include="..\..\dlls\wpn_shared\hl_wpn_glock.cpp">
      <Filter>Source Files\_hl\dlls\wpn_shared</Filter>
    </ClCompile>
    <ClCompile Include="..\..\dlls\crossbow.cpp">
      <Filter>Source Files\_hl\dlls</Filter>
    </ClCompile>
    <ClCompile Include="..\..\dlls\crowbar.cpp">
      <Filter>Source Files\_hl\dlls</Filter>
    </ClCompile>
    <ClCompile Include="..\..\dlls\egon.cpp">
      <Filter>Source Files\_hl\dlls</Filter>
    </ClCompile>
    <ClCompile Include="..\..\dlls\gauss.cpp">
      <Filter>Source Files\_hl\dlls</Filter>
    </ClCompile>
    <ClCompile Include="..\..\dlls\handgrenade.cpp">
      <Filter>Source Files\_hl\dlls</Filter>
    </ClCompile>
    <ClCompile Include="..\..\dlls\hornetgun.cpp">
      <Filter>Source Files\_hl\dlls</Filter>
    </ClCompile>
    <ClCompile Include="..\..\dlls\mp5.cpp">
      <Filter>Source Files\_hl\dlls</Filter>
    </ClCompile>
    <ClCompile Include="..\..\dlls\python.cpp">
      <Filter>Source Files\_hl\dlls</Filter>
    </ClCompile>
    <ClCompile Include="..\..\dlls\rpg.cpp">
      <Filter>Source Files\_hl\dlls</Filter>
    </ClCompile>
    <ClCompile Include="..\..\dlls\satchel.cpp">
      <Filter>Source Files\_hl\dlls</Filter>
    </ClCompile>
    <ClCompile Include="..\..\dlls\shotgun.cpp">
      <Filter>Source Files\_hl\dlls</Filter>
    </ClCompile>
    <ClCompile Include="..\..\dlls\squeakgrenade.cpp">
      <Filter>Source Files\_hl\dlls</Filter>
    </ClCompile>
    <ClCompile Include="..\..\dlls\tripmine.cpp">
      <Filter>Source Files\_hl\dlls</Filter>
    </ClCompile>
    <ClCompile Include="..\..\cl_dll\hl\hl_baseentity.cpp">
      <Filter>Source Files\_hl\cl_dll\hl</Filter>
    </ClCompile>
    <ClCompile Include="..\..\cl_dll\hl\hl_events.cpp">
      <Filter>Source Files\_hl\cl_dll\hl</Filter>
    </ClCompile>
    <ClCompile Include="..\..\cl_dll\hl\hl_objects.cpp">
      <Filter>Source Files\_hl\cl_dll\hl</Filter>
    </ClCompile>
    <ClCompile Include="..\..\cl_dll\hl\hl_weapons.cpp">
      <Filter>Source Files\_hl\cl_dll\hl</Filter>
    </ClCompile>
    <ClCompile Include="..\..\cl_dll\ev_hldm.cpp">
      <Filter>Source Files\_hl\cl_dll</Filter>
    </ClCompile>
    <ClCompile Include="..\..\cl_dll\ammo.cpp">
      <Filter>Source Files\cl_dll</Filter>
    </ClCompile>
    <ClCompile Include="..\..\cl_dll\ammo_secondary.cpp">
      <Filter>Source Files\cl_dll</Filter>
    </ClCompile>
    <ClCompile Include="..\..\cl_dll\ammohistory.cpp">
      <Filter>Source Files\cl_dll</Filter>
    </ClCompile>
    <ClCompile Include="..\..\cl_dll\battery.cpp">
      <Filter>Source Files\cl_dll</Filter>
    </ClCompile>
    <ClCompile Include="..\..\cl_dll\com_weapons.cpp">
      <Filter>Source Files\cl_dll</Filter>
    </ClCompile>
    <ClCompile Include="..\..\cl_dll\cdll_int.cpp">
      <Filter>Source Files\cl_dll</Filter>
    </ClCompile>
    <ClCompile Include="..\..\cl_dll\death.cpp">
      <Filter>Source Files\cl_dll</Filter>
    </ClCompile>
    <ClCompile Include="..\..\cl_dll\debug_wireframe.cpp">
      <Filter>Source Files\cl_dll</Filter>
    </ClCompile>
    <ClCompile Include="..\..\cl_dll\debug_wireframe_clipnodes.cpp">
      <Filter>Source Files\cl_dll</Filter>
    </ClCompile>
    <ClCompile Include="..\..\cl_dll\debug_wireframe_boundingbox.cpp">
      <Filter>Source Files\cl_dll</Filter>
    </ClCompile>
    <ClCompile Include="..\..\cl_dll\debug_wireframe_movement.cpp">
      <Filter>Source Files\cl_dll</Filter>
    </ClCompile>
    <ClCompile Include="..\..\cl_dll\debug_wireframe_utils.cpp">
      <Filter>Source Files\cl_dll</Filter>
    </ClCompile>
    <ClCompile Include="..\..\cl_dll\demo.cpp">
      <Filter>Source Files\cl_dll</Filter>
    </ClCompile>
    <ClCompile Include="..\..\cl_dll\entity.cpp">
      <Filter>Source Files\cl_dll</Filter>
    </ClCompile>
    <ClCompile Include="..\..\cl_dll\ev_common.cpp">
      <Filter>Source Files\cl_dll</Filter>
    </ClCompile>
    <ClCompile Include="..\..\cl_dll\events.cpp">
      <Filter>Source Files\cl_dll</Filter>
    </ClCompile>
    <ClCompile Include="..\..\cl_dll\flashlight.cpp">
      <Filter>Source Files\cl_dll</Filter>
    </ClCompile>
    <ClCompile Include="..\..\cl_dll\GameStudioModelRenderer.cpp">
      <Filter>Source Files\cl_dll</Filter>
    </ClCompile>
    <ClCompile Include="..\..\cl_dll\health.cpp">
      <Filter>Source Files\cl_dll</Filter>
    </ClCompile>
    <ClCompile Include="..\..\cl_dll\hud.cpp">
      <Filter>Source Files\cl_dll</Filter>
    </ClCompile>
    <ClCompile Include="..\..\cl_dll\hud_bench.cpp">
      <Filter>Source Files\cl_dll</Filter>
    </ClCompile>
    <ClCompile Include="..\..\cl_dll\hud_benchtrace.cpp">
      <Filter>Source Files\cl_dll</Filter>
    </ClCompile>
    <ClCompile Include="..\..\cl_dll\hud_msg.cpp">
      <Filter>Source Files\cl_dll</Filter>
    </ClCompile>
    <ClCompile Include="..\..\cl_dll\hud_redraw.cpp">
      <Filter>Source Files\cl_dll</Filter>
    </ClCompile>
    <ClCompile Include="..\..\cl_dll\hud_servers.cpp">
      <Filter>Source Files\cl_dll</Filter>
    </ClCompile>
    <ClCompile Include="..\..\cl_dll\hud_spectator.cpp">
      <Filter>Source Files\cl_dll</Filter>
    </ClCompile>
    <ClCompile Include="..\..\cl_dll\hud_update.cpp">
      <Filter>Source Files\cl_dll</Filter>
    </ClCompile>
    <ClCompile Include="..\..\cl_dll\in_camera.cpp">
      <Filter>Source Files\cl_dll</Filter>
    </ClCompile>
    <ClCompile Include="..\..\cl_dll\input.cpp">
      <Filter>Source Files\cl_dll</Filter>
    </ClCompile>
    <ClCompile Include="..\..\cl_dll\inputw32.cpp">
      <Filter>Source Files\cl_dll</Filter>
    </ClCompile>
    <ClCompile Include="..\..\cl_dll\interpolation.cpp">
      <Filter>Source Files\cl_dll</Filter>
    </ClCompile>
    <ClCompile Include="..\..\cl_dll\geiger.cpp">
      <Filter>Source Files\cl_dll</Filter>
    </ClCompile>
    <ClCompile Include="..\..\cl_dll\menu.cpp">
      <Filter>Source Files\cl_dll</Filter>
    </ClCompile>
    <ClCompile Include="..\..\cl_dll\message.cpp">
      <Filter>Source Files\cl_dll</Filter>
    </ClCompile>
    <ClCompile Include="..\..\cl_dll\particlemgr.cpp">
      <Filter>Source Files\cl_dll</Filter>
    </ClCompile>
    <ClCompile Include="..\..\cl_dll\particlemsg.cpp">
      <Filter>Source Files\cl_dll</Filter>
    </ClCompile>
    <ClCompile Include="..\..\cl_dll\particlesys.cpp">
      <Filter>Source Files\cl_dll</Filter>
    </ClCompile>
    <ClCompile Include="..\..\cl_dll\saytext.cpp">
      <Filter>Source Files\cl_dll</Filter>
    </ClCompile>
    <ClCompile Include="..\..\cl_dll\status_icons.cpp">
      <Filter>Source Files\cl_dll</Filter>
    </ClCompile>
    <ClCompile Include="..\..\cl_dll\statusbar.cpp">
      <Filter>Source Files\cl_dll</Filter>
    </ClCompile>
    <ClCompile Include="..\..\cl_dll\studio_util.cpp">
      <Filter>Source Files\cl_dll</Filter>
    </ClCompile>
    <ClCompile Include="..\..\cl_dll\StudioModelRenderer.cpp">
      <Filter>Source Files\cl_dll</Filter>
    </ClCompile>
    <ClCompile Include="..\..\cl_dll\text_message.cpp">
      <Filter>Source Files\cl_dll</Filter>
    </ClCompile>
    <ClCompile Include="..\..\cl_dll\train.cpp">
      <Filter>Source Files\cl_dll</Filter>
    </ClCompile>
    <ClCompile Include="..\..\cl_dll\tri.cpp">
      <Filter>Source Files\cl_dll</Filter>
    </ClCompile>
    <ClCompile Include="..\..\cl_dll\util.cpp">
      <Filter>Source Files\cl_dll</Filter>
    </ClCompile>
    <ClCompile Include="..\..\cl_dll\vgui_ClassMenu.cpp">
      <Filter>Source Files\cl_dll</Filter>
    </ClCompile>
    <ClCompile Include="..\..\cl_dll\vgui_ControlConfigPanel.cpp">
      <Filter>Source Files\cl_dll</Filter>
    </ClCompile>
    <ClCompile Include="..\..\cl_dll\vgui_CustomObjects.cpp">
      <Filter>Source Files\cl_dll</Filter>
    </ClCompile>
    <ClCompile Include="..\..\cl_dll\vgui_int.cpp">
      <Filter>Source Files\cl_dll</Filter>
    </ClCompile>
    <ClCompile Include="..\..\cl_dll\vgui_MOTDWindow.cpp">
      <Filter>Source Files\cl_dll</Filter>
    </ClCompile>
    <ClCompile Include="..\..\cl_dll\vgui_SchemeManager.cpp">
      <Filter>Source Files\cl_dll</Filter>
    </ClCompile>
    <ClCompile Include="..\..\cl_dll\vgui_ScorePanel.cpp">
      <Filter>Source Files\cl_dll</Filter>
    </ClCompile>
    <ClCompile Include="..\..\cl_dll\vgui_ServerBrowser.cpp">
      <Filter>Source Files\cl_dll</Filter>
    </ClCompile>
    <ClCompile Include="..\..\cl_dll\vgui_SpectatorPanel.cpp">
      <Filter>Source Files\cl_dll</Filter>
    </ClCompile>
    <ClCompile Include="..\..\cl_dll\vgui_TeamFortressViewport.cpp">
      <Filter>Source Files\cl_dll</Filter>
    </ClCompile>
    <ClCompile Include="..\..\cl_dll\vgui_teammenu.cpp">
      <Filter>Source Files\cl_dll</Filter>
    </ClCompile>
    <ClCompile Include="..\..\cl_dll\view.cpp">
      <Filter>Source Files\cl_dll</Filter>
    </ClCompile>
    <ClCompile Include="..\..\cl_dll\voice_status.cpp">
      <Filter>Source Files\cl_dll</Filter>
    </ClCompile>
    <ClCompile Include="..\..\dlls\weapons_shared.cpp">
      <Filter>Source Files\cl_dll</Filter>
    </ClCompile>
    <ClCompile Include="..\..\common\parsemsg.cpp">
      <Filter>Source Files\common</Filter>
    </ClCompile>
    <ClCompile Include="..\..\game_shared\vgui_checkbutton2.cpp">
      <Filter>Source Files\game_shared</Filter>
    </ClCompile>
    <ClCompile Include="..\..\game_shared\vgui_grid.cpp">
      <Filter>Source Files\game_shared</Filter>
    </ClCompile>
    <ClCompile Include="..\..\game_shared\vgui_helpers.cpp">
      <Filter>Source Files\game_shared</Filter>
    </ClCompile>
    <ClCompile Include="..\..\game_shared\vgui_listbox.cpp">
      <Filter>Source Files\game_shared</Filter>
    </ClCompile>
    <ClCompile Include="..\..\game_shared\vgui_loadtga.cpp">
      <Filter>Source Files\game_shared</Filter>
    </ClCompile>
    <ClCompile Include="..\..\game_shared\vgui_scrollbar2.cpp">
      <Filter>Source Files\game_shared</Filter>
    </ClCompile>
    <ClCompile Include="..\..\game_shared\vgui_slider2.cpp">
      <Filter>Source Files\game_shared</Filter>
    </ClCompile>
    <ClCompile Include="..\..\game_shared\voice_banmgr.cpp">
      <Filter>Source Files\game_shared</Filter>
    </ClCompile>
    <ClCompile Include="..\..\public\interface.cpp">
      <Filter>Source Files\public</Filter>
    </ClCompile>
    <ClCompile Include="..\..\pm_shared\pm_debug.cpp">
      <Filter>Source Files\pm_shared</Filter>
    </ClCompile>
    <ClCompile Include="..\..\pm_shared\pm_math.cpp">
      <Filter>Source Files\pm_shared</Filter>
    </ClCompile>
    <ClCompile Include="..\..\pm_shared\pm_shared.cpp">
      <Filter>Source Files\pm_shared</Filter>
    </ClCompile>
  </ItemGroup>
  <ItemGroup>
    <ClInclude Include="..\..\cl_dll\ammo.h">
      <Filter>Header Files\cl_dll</Filter>
    </ClInclude>
    <ClInclude Include="..\..\cl_dll\ammohistory.h">
      <Filter>Header Files\cl_dll</Filter>
    </ClInclude>
    <ClInclude Include="..\..\cl_dll\camera.h">
      <Filter>Header Files\cl_dll</Filter>
    </ClInclude>
    <ClInclude Include="..\..\cl_dll\cl_dll.h">
      <Filter>Header Files\cl_dll</Filter>
    </ClInclude>
    <ClInclude Include="..\..\cl_dll\cl_util.h">
      <Filter>Header Files\cl_dll</Filter>
    </ClInclude>
    <ClInclude Include="..\..\cl_dll\com_weapons.h">
      <Filter>Header Files\cl_dll</Filter>
    </ClInclude>
    <ClInclude Include="..\..\cl_dll\demo.h">
      <Filter>Header Files\cl_dll</Filter>
    </ClInclude>
    <ClInclude Include="..\..\cl_dll\debug_wireframe_utils.h">
      <Filter>Header Files\cl_dll</Filter>
    </ClInclude>
    <ClInclude Include="..\..\cl_dll\debug_wireframe.h">
      <Filter>Header Files\cl_dll</Filter>
    </ClInclude>
    <ClInclude Include="..\..\cl_dll\ev_hldm.h">
      <Filter>Header Files\cl_dll</Filter>
    </ClInclude>
    <ClInclude Include="..\..\cl_dll\eventscripts.h">
      <Filter>Header Files\cl_dll</Filter>
    </ClInclude>
    <ClInclude Include="..\..\cl_dll\GameStudioModelRenderer.h">
      <Filter>Header Files\cl_dll</Filter>
    </ClInclude>
    <ClInclude Include="..\..\cl_dll\health.h">
      <Filter>Header Files\cl_dll</Filter>
    </ClInclude>
    <ClInclude Include="..\..\cl_dll\hud.h">
      <Filter>Header Files\cl_dll</Filter>
    </ClInclude>
    <ClInclude Include="..\..\cl_dll\hud_servers.h">
      <Filter>Header Files\cl_dll</Filter>
    </ClInclude>
    <ClInclude Include="..\..\cl_dll\hud_servers_priv.h">
      <Filter>Header Files\cl_dll</Filter>
    </ClInclude>
    <ClInclude Include="..\..\cl_dll\hud_spectator.h">
      <Filter>Header Files\cl_dll</Filter>
    </ClInclude>
    <ClInclude Include="..\..\cl_dll\in_defs.h">
      <Filter>Header Files\cl_dll</Filter>
    </ClInclude>
    <ClInclude Include="..\..\cl_dll\interpolation.h">
      <Filter>Header Files\cl_dll</Filter>
    </ClInclude>
    <ClInclude Include="..\..\cl_dll\kbutton.h">
      <Filter>Header Files\cl_dll</Filter>
    </ClInclude>
    <ClInclude Include="..\..\cl_dll\particlemgr.h">
      <Filter>Header Files\cl_dll</Filter>
    </ClInclude>
    <ClInclude Include="..\..\cl_dll\particlesys.h">
      <Filter>Header Files\cl_dll</Filter>
    </ClInclude>
    <ClInclude Include="..\..\cl_dll\StudioModelRenderer.h">
      <Filter>Header Files\cl_dll</Filter>
    </ClInclude>
    <ClInclude Include="..\..\cl_dll\tri.h">
      <Filter>Header Files\cl_dll</Filter>
    </ClInclude>
    <ClInclude Include="..\..\cl_dll\util_vector.h">
      <Filter>Header Files\cl_dll</Filter>
    </ClInclude>
    <ClInclude Include="..\..\cl_dll\vgui_ControlConfigPanel.h">
      <Filter>Header Files\cl_dll</Filter>
    </ClInclude>
    <ClInclude Include="..\..\cl_dll\vgui_int.h">
      <Filter>Header Files\cl_dll</Filter>
    </ClInclude>
    <ClInclude Include="..\..\cl_dll\vgui_SchemeManager.h">
      <Filter>Header Files\cl_dll</Filter>
    </ClInclude>
    <ClInclude Include="..\..\cl_dll\vgui_ScorePanel.h">
      <Filter>Header Files\cl_dll</Filter>
    </ClInclude>
    <ClInclude Include="..\..\cl_dll\vgui_ServerBrowser.h">
      <Filter>Header Files\cl_dll</Filter>
    </ClInclude>
    <ClInclude Include="..\..\cl_dll\vgui_SpectatorPanel.h">
      <Filter>Header Files\cl_dll</Filter>
    </ClInclude>
    <ClInclude Include="..\..\cl_dll\view.h">
      <Filter>Header Files\cl_dll</Filter>
    </ClInclude>
    <ClInclude Include="..\..\cl_dll\wrect.h">
      <Filter>Header Files\cl_dll</Filter>
    </ClInclude>
    <ClInclude Include="..\..\common\parsemsg.h">
      <Filter>Header Files\common</Filter>
    </ClInclude>
    <ClInclude Include="..\..\common\Platform.h">
      <Filter>Header Files\common</Filter>
    </ClInclude>
    <ClInclude Include="..\..\game_shared\voice_banmgr.h">
      <Filter>Header Files\game_shared</Filter>
    </ClInclude>
    <ClInclude Include="..\..\game_shared\voice_status.h">
      <Filter>Header Files\game_shared</Filter>
    </ClInclude>
    <ClInclude Include="..\..\game_shared\vgui_slider2.h">
      <Filter>Header Files\game_shared</Filter>
    </ClInclude>
    <ClInclude Include="..\..\game_shared\vgui_scrollbar2.h">
      <Filter>Header Files\game_shared</Filter>
    </ClInclude>
    <ClInclude Include="..\..\pm_shared\pm_debug.h">
      <Filter>Header Files\pm_shared</Filter>
    </ClInclude>
    <ClInclude Include="..\..\pm_shared\pm_defs.h">
      <Filter>Header Files\pm_shared</Filter>
    </ClInclude>
    <ClInclude Include="..\..\pm_shared\pm_materials.h">
      <Filter>Header Files\pm_shared</Filter>
    </ClInclude>
    <ClInclude Include="..\..\pm_shared\pm_info.h">
      <Filter>Header Files\pm_shared</Filter>
    </ClInclude>
    <ClInclude Include="..\..\pm_shared\pm_movevars.h">
      <Filter>Header Files\pm_shared</Filter>
    </ClInclude>
    <ClInclude Include="..\..\pm_shared\pm_shared.h">
      <Filter>Header Files\pm_shared</Filter>
    </ClInclude>
  </ItemGroup>
  <ItemGroup>
    <Library Include="..\..\lib\public\game_controls.lib" />
  </ItemGroup>
  <ItemGroup>
    <Filter Include="Header Files">
      <UniqueIdentifier>{829dd52e-af9e-4e99-993d-d74d37c814c9}</UniqueIdentifier>
    </Filter>
    <Filter Include="Header Files\cl_dll">
      <UniqueIdentifier>{06701128-3da3-40ac-9d1a-0b365f2d67c2}</UniqueIdentifier>
    </Filter>
    <Filter Include="Header Files\common">
      <UniqueIdentifier>{e5cbc698-e799-4ef9-a583-71405d781bf5}</UniqueIdentifier>
    </Filter>
    <Filter Include="Header Files\game_shared">
      <UniqueIdentifier>{5539b263-7e4d-4a0b-bb97-fffff0effab2}</UniqueIdentifier>
    </Filter>
    <Filter Include="Header Files\pm_shared">
      <UniqueIdentifier>{80f138ec-01da-4c26-b208-eaf0ab2631bd}</UniqueIdentifier>
    </Filter>
    <Filter Include="Source Files">
      <UniqueIdentifier>{4d0aca77-0bf1-4b5f-bd62-d6cf44a4295c}</UniqueIdentifier>
    </Filter>
    <Filter Include="Source Files\_hl">
      <UniqueIdentifier>{43794852-3e56-42ae-ada4-b328c223a11e}</UniqueIdentifier>
    </Filter>
    <Filter Include="Source Files\cl_dll">
      <UniqueIdentifier>{f357a93f-de26-4e85-adb1-c28273c8d6ce}</UniqueIdentifier>
    </Filter>
    <Filter Include="Source Files\common">
      <UniqueIdentifier>{5f920adc-2720-4e5a-85d3-31c9a8906fa7}</UniqueIdentifier>
    </Filter>
    <Filter Include="Source Files\game_shared">
      <UniqueIdentifier>{3e07729d-ab72-4015-b948-484b4af6c55d}</UniqueIdentifier>
    </Filter>
    <Filter Include="Source Files\pm_shared">
      <UniqueIdentifier>{e8130138-a8d3-46ad-95cf-02dfd1685304}</UniqueIdentifier>
    </Filter>
    <Filter Include="Source Files\public">
      <UniqueIdentifier>{00e1dfc4-e634-4e0f-878b-0c614a1d4392}</UniqueIdentifier>
    </Filter>
    <Filter Include="Source Files\_hl\cl_dll">
      <UniqueIdentifier>{9347472b-a3ee-49a9-a6db-5f3db2b15735}</UniqueIdentifier>
    </Filter>
    <Filter Include="Source Files\_hl\dlls">
      <UniqueIdentifier>{ed56ce48-ad2e-428b-870a-741bcde1d65a}</UniqueIdentifier>
    </Filter>
    <Filter Include="Source Files\_hl\cl_dll\hl">
      <UniqueIdentifier>{58314347-9d24-4fa4-9ada-2a80ed217ba9}</UniqueIdentifier>
    </Filter>
    <Filter Include="Source Files\_hl\dlls\wpn_shared">
      <UniqueIdentifier>{b133d856-6217-480b-886d-836fc2934f72}</UniqueIdentifier>
    </Filter>
  </ItemGroup>
</Project>